
Microsoft Visual Studio Solution File, Format Version 11.00
# Visual Studio 2010
Project("{FAE04EC0-301F-11D3-BF4B-00C04F79EFBC}") = "Quizzer", "Quizzer\Quizzer.csproj", "{259BE0BA-2BDE-416C-96E2-A11B78963FAF}"
EndProject
Project("{FAE04EC0-301F-11D3-BF4B-00C04F79EFBC}") = "Model", "Model\Model.csproj", "{BB831FCA-8AEC-43C5-AD06-8767C9F1C256}"
EndProject
Project("{FAE04EC0-301F-11D3-BF4B-00C04F79EFBC}") = "GUIView", "GUIView\GUIView.csproj", "{614229D5-7E82-493A-BA51-6E55B236D745}"
EndProject
Global
	GlobalSection(SolutionConfigurationPlatforms) = preSolution
		Debug|Any CPU = Debug|Any CPU
		Debug|Mixed Platforms = Debug|Mixed Platforms
		Debug|x86 = Debug|x86
		Release|Any CPU = Release|Any CPU
		Release|Mixed Platforms = Release|Mixed Platforms
		Release|x86 = Release|x86
	EndGlobalSection
	GlobalSection(ProjectConfigurationPlatforms) = postSolution
		{259BE0BA-2BDE-416C-96E2-A11B78963FAF}.Debug|Any CPU.ActiveCfg = Debug|x86
		{259BE0BA-2BDE-416C-96E2-A11B78963FAF}.Debug|Mixed Platforms.ActiveCfg = Debug|x86
		{259BE0BA-2BDE-416C-96E2-A11B78963FAF}.Debug|Mixed Platforms.Build.0 = Debug|x86
		{259BE0BA-2BDE-416C-96E2-A11B78963FAF}.Debug|x86.ActiveCfg = Debug|x86
		{259BE0BA-2BDE-416C-96E2-A11B78963FAF}.Debug|x86.Build.0 = Debug|x86
		{259BE0BA-2BDE-416C-96E2-A11B78963FAF}.Release|Any CPU.ActiveCfg = Release|x86
		{259BE0BA-2BDE-416C-96E2-A11B78963FAF}.Release|Mixed Platforms.ActiveCfg = Release|x86
		{259BE0BA-2BDE-416C-96E2-A11B78963FAF}.Release|Mixed Platforms.Build.0 = Release|x86
		{259BE0BA-2BDE-416C-96E2-A11B78963FAF}.Release|x86.ActiveCfg = Release|x86
		{259BE0BA-2BDE-416C-96E2-A11B78963FAF}.Release|x86.Build.0 = Release|x86
		{BB831FCA-8AEC-43C5-AD06-8767C9F1C256}.Debug|Any CPU.ActiveCfg = Debug|Any CPU
		{BB831FCA-8AEC-43C5-AD06-8767C9F1C256}.Debug|Any CPU.Build.0 = Debug|Any CPU
		{BB831FCA-8AEC-43C5-AD06-8767C9F1C256}.Debug|Mixed Platforms.ActiveCfg = Debug|Any CPU
		{BB831FCA-8AEC-43C5-AD06-8767C9F1C256}.Debug|Mixed Platforms.Build.0 = Debug|Any CPU
		{BB831FCA-8AEC-43C5-AD06-8767C9F1C256}.Debug|x86.ActiveCfg = Debug|Any CPU
		{BB831FCA-8AEC-43C5-AD06-8767C9F1C256}.Release|Any CPU.ActiveCfg = Release|Any CPU
		{BB831FCA-8AEC-43C5-AD06-8767C9F1C256}.Release|Any CPU.Build.0 = Release|Any CPU
		{BB831FCA-8AEC-43C5-AD06-8767C9F1C256}.Release|Mixed Platforms.ActiveCfg = Release|Any CPU
		{BB831FCA-8AEC-43C5-AD06-8767C9F1C256}.Release|Mixed Platforms.Build.0 = Release|Any CPU
		{BB831FCA-8AEC-43C5-AD06-8767C9F1C256}.Release|x86.ActiveCfg = Release|Any CPU
		{614229D5-7E82-493A-BA51-6E55B236D745}.Debug|Any CPU.ActiveCfg = Debug|x86
		{614229D5-7E82-493A-BA51-6E55B236D745}.Debug|Mixed Platforms.ActiveCfg = Debug|x86
		{614229D5-7E82-493A-BA51-6E55B236D745}.Debug|Mixed Platforms.Build.0 = Debug|x86
		{614229D5-7E82-493A-BA51-6E55B236D745}.Debug|x86.ActiveCfg = Debug|x86
		{614229D5-7E82-493A-BA51-6E55B236D745}.Debug|x86.Build.0 = Debug|x86
		{614229D5-7E82-493A-BA51-6E55B236D745}.Release|Any CPU.ActiveCfg = Release|x86
		{614229D5-7E82-493A-BA51-6E55B236D745}.Release|Mixed Platforms.ActiveCfg = Release|x86
		{614229D5-7E82-493A-BA51-6E55B236D745}.Release|Mixed Platforms.Build.0 = Release|x86
		{614229D5-7E82-493A-BA51-6E55B236D745}.Release|x86.ActiveCfg = Release|x86
		{614229D5-7E82-493A-BA51-6E55B236D745}.Release|x86.Build.0 = Release|x86
	EndGlobalSection
	GlobalSection(SolutionProperties) = preSolution
		HideSolutionNode = FALSE
	EndGlobalSection
EndGlobal
